<?xml version="1.0" encoding="utf-8"?>
<Project ToolsVersion="4.0" xmlns="http://schemas.microsoft.com/developer/msbuild/2003">
  <ItemGroup>
    <Filter Include="Common">
      <UniqueIdentifier>9f76c188-a84a-49e8-917c-0e19763e30c6</UniqueIdentifier>
    </Filter>
    <Filter Include="Assets">
      <UniqueIdentifier>7d68b471-5d6b-41a7-9431-f5389439d121</UniqueIdentifier>
    </Filter>
    <Image Include="Assets\Logo.png">
      <Filter>Assets</Filter>
    </Image>
    <Image Include="Assets\SmallLogo.png">
      <Filter>Assets</Filter>
    </Image>
    <Image Include="Assets\StoreLogo.png">
      <Filter>Assets</Filter>
    </Image>
    <Image Include="Assets\SplashScreen.png">
      <Filter>Assets</Filter>
    </Image>
  </ItemGroup>
  <ItemGroup>
    <FxCompile Include="SimplePixelShader.hlsl" />
    <FxCompile Include="SimpleVertexShader.hlsl" />
  </ItemGroup>
  <ItemGroup>
    <ClCompile Include="Game.cpp" />
    <ClCompile Include="Direct3DBase.cpp" />
    <ClCompile Include="pch.cpp" />
    <ClCompile Include="Scene.cpp" />
    <ClCompile Include="CubeRenderer.cpp" />
    <ClCompile Include="MotionState.cpp" />
    <ClCompile Include="Cube.cpp" />
    <ClCompile Include="Physics.cpp" />
    <ClCompile Include="Level.cpp" />
    <ClCompile Include="Camera.cpp" />
  </ItemGroup>
  <ItemGroup>
    <ClInclude Include="Game.h" />
    <ClInclude Include="DirectXHelper.h" />
    <ClInclude Include="Direct3DBase.h" />
    <ClInclude Include="BasicTimer.h" />
    <ClInclude Include="pch.h" />
    <ClInclude Include="Scene.h" />
    <ClInclude Include="CubeRenderer.h" />
    <ClInclude Include="Buffers.h" />
    <ClInclude Include="MotionState.h" />
    <ClInclude Include="ITransformable.h" />
    <ClInclude Include="Cube.h" />
    <ClInclude Include="Physics.h" />
    <ClInclude Include="Level.h" />
    <ClInclude Include="Camera.h" />
  </ItemGroup>
  <ItemGroup>
    <AppxManifest Include="Package.appxmanifest" />
  </ItemGroup>
  <ItemGroup>
    <None Include="Game_TemporaryKey.pfx" />
  </ItemGroup>
</Project>